<?xml version="1.0" encoding="utf-8"?>
<Project ToolsVersion="4.0" xmlns="http://schemas.microsoft.com/developer/msbuild/2003">
  <ItemGroup>
    <Filter Include="소스 파일">
      <UniqueIdentifier>{4FC737F1-C7A5-4376-A066-2A32D752A2FF}</UniqueIdentifier>
      <Extensions>cpp;c;cc;cxx;def;odl;idl;hpj;bat;asm;asmx</Extensions>
    </Filter>
    <Filter Include="헤더 파일">
      <UniqueIdentifier>{93995380-89BD-4b04-88EB-625FBE52EBFB}</UniqueIdentifier>
      <Extensions>h;hpp;hxx;hm;inl;inc;xsd</Extensions>
    </Filter>
    <Filter Include="리소스 파일">
      <UniqueIdentifier>{67DA6AB6-F800-4c08-8B7A-83BB121AAD01}</UniqueIdentifier>
      <Extensions>rc;ico;cur;bmp;dlg;rc2;rct;bin;rgs;gif;jpg;jpeg;jpe;resx;tiff;tif;png;wav;mfcribbon-ms</Extensions>
    </Filter>
    <Filter Include="DISPLAY">
      <UniqueIdentifier>{71c6a23b-ec46-48d5-a917-fc3210d79793}</UniqueIdentifier>
    </Filter>
    <Filter Include="DATA">
      <UniqueIdentifier>{f65f2235-ff68-4cf0-97ed-fdbcda18759a}</UniqueIdentifier>
    </Filter>
    <Filter Include="VISION">
      <UniqueIdentifier>{7147995e-4b36-4330-a4c4-44311d23e9d0}</UniqueIdentifier>
    </Filter>
    <Filter Include="LIB">
      <UniqueIdentifier>{d6a6d343-af98-4c5f-88c1-4423df404e6d}</UniqueIdentifier>
    </Filter>
    <Filter Include="PARAM">
      <UniqueIdentifier>{496bf17b-aaa8-40e0-84dd-b3678a0948c8}</UniqueIdentifier>
    </Filter>
    <Filter Include="INSPECTOR">
      <UniqueIdentifier>{45c06670-9036-4960-ae78-21357859fd86}</UniqueIdentifier>
    </Filter>
    <Filter Include="AutoMarking">
      <UniqueIdentifier>{922d2dfc-faae-422d-b419-6a2db3a66410}</UniqueIdentifier>
    </Filter>
    <Filter Include="UDP_NET">
      <UniqueIdentifier>{f4bf99e8-e82e-4d81-a8ed-0949477089a8}</UniqueIdentifier>
    </Filter>
    <Filter Include="PATTERNMATCH">
      <UniqueIdentifier>{04e018c2-a54b-4fc2-930c-219ea5423a7c}</UniqueIdentifier>
    </Filter>
    <Filter Include="InspectViewModule">
      <UniqueIdentifier>{5dc1b03f-602c-460c-8119-7eda5fffb9af}</UniqueIdentifier>
    </Filter>
    <Filter Include="ALIGN">
      <UniqueIdentifier>{910bf3bd-b396-4f86-a16d-cdca00706058}</UniqueIdentifier>
    </Filter>
    <Filter Include="WEB_FUNC">
      <UniqueIdentifier>{52b76e30-b499-4ffe-87ae-89de68a323e4}</UniqueIdentifier>
    </Filter>
    <Filter Include="GRABBER">
      <UniqueIdentifier>{6eb93795-4265-4b39-aceb-c8e64005f3b7}</UniqueIdentifier>
    </Filter>
    <Filter Include="OCR">
      <UniqueIdentifier>{4cdc4103-b22a-48a2-9711-d24f6932ca99}</UniqueIdentifier>
    </Filter>
    <Filter Include="FLAT_LIB">
      <UniqueIdentifier>{33cef494-05b5-4b01-8e08-66c9603de36c}</UniqueIdentifier>
    </Filter>
    <Filter Include="THREAD_INSPECT">
      <UniqueIdentifier>{3d6087b9-83f9-443c-9b18-17ab29b0626f}</UniqueIdentifier>
    </Filter>
    <Filter Include="THREAD_NG_SAVE">
      <UniqueIdentifier>{c325c9e0-acdf-4259-b0d0-e4fae904e6a3}</UniqueIdentifier>
    </Filter>
    <Filter Include="THREAD_PROCESS">
      <UniqueIdentifier>{631bc6f6-b28b-447d-a3ec-c1667652263d}</UniqueIdentifier>
    </Filter>
    <Filter Include="VIEWINSPECT">
      <UniqueIdentifier>{d8581d6e-90ed-429a-acce-c906baa9b77a}</UniqueIdentifier>
    </Filter>
    <Filter Include="SHOWINFO">
      <UniqueIdentifier>{46b93df4-1e25-49d7-a048-0d4b9fcbc3c4}</UniqueIdentifier>
    </Filter>
    <Filter Include="CButtonST">
      <UniqueIdentifier>{259ec1dc-e8a5-4245-915f-19b07626863e}</UniqueIdentifier>
    </Filter>
    <Filter Include="AI">
      <UniqueIdentifier>{8f5a5a69-6f29-4f8c-b6b6-be1d2b17c6ec}</UniqueIdentifier>
    </Filter>
    <Filter Include="UTIL">
      <UniqueIdentifier>{c4d2bf02-1dca-4ca6-8659-4b9f3c2576ef}</UniqueIdentifier>
    </Filter>
    <Filter Include="SERIALCOMM">
      <UniqueIdentifier>{8db709d8-c9ab-4736-8011-9c447d333fb6}</UniqueIdentifier>
    </Filter>
    <Filter Include="DAKANO">
      <UniqueIdentifier>{4982a361-86e5-457b-bbbb-b8c7841d7f89}</UniqueIdentifier>
    </Filter>
    <Filter Include="MODEL">
      <UniqueIdentifier>{ee94c835-494c-44d6-95c8-ce914381098a}</UniqueIdentifier>
    </Filter>
    <Filter Include="DATA_GENERAL">
      <UniqueIdentifier>{66723933-7194-42a0-90d4-f95282e61e78}</UniqueIdentifier>
    </Filter>
    <Filter Include="BAT">
      <UniqueIdentifier>{75cf8fbd-d48a-4177-a561-29469c9ebf40}</UniqueIdentifier>
    </Filter>
    <Filter Include="BCR">
      <UniqueIdentifier>{3f9a0ddb-d175-4b73-b31e-9e26bca22fbe}</UniqueIdentifier>
    </Filter>
    <Filter Include="COS9LR">
      <UniqueIdentifier>{59e57f02-0835-4ce5-9f5c-71e3ac09bd34}</UniqueIdentifier>
    </Filter>
    <Filter Include="MOTION">
      <UniqueIdentifier>{844a060e-57cf-4243-92ab-cf3bbe466021}</UniqueIdentifier>
    </Filter>
    <Filter Include="HOLESKIP">
      <UniqueIdentifier>{e1e320e7-47e9-411d-be83-807480f5a355}</UniqueIdentifier>
    </Filter>
  </ItemGroup>
  <ItemGroup>
    <None Include="ReadMe.txt" />
    <None Include="UserImages.bmp">
      <Filter>리소스 파일</Filter>
    </None>
    <None Include="res\KoWeb.rc2">
      <Filter>리소스 파일</Filter>
    </None>
    <None Include="res\KoWebDoc.ico">
      <Filter>리소스 파일</Filter>
    </None>
    <None Include="res\KoWeb.ico">
      <Filter>리소스 파일</Filter>
    </None>
    <None Include="res\Toolbar.bmp">
      <Filter>리소스 파일</Filter>
    </None>
    <None Include="res\Toolbar256.bmp">
      <Filter>리소스 파일</Filter>
    </None>
    <None Include="work.txt">
      <Filter>DATA</Filter>
    </None>
    <None Include="Comments.txt">
      <Filter>DATA</Filter>
    </None>
    <None Include="res\bitmap1.bmp">
      <Filter>리소스 파일</Filter>
    </None>
    <None Include="res\MainGUI.bmp">
      <Filter>리소스 파일</Filter>
    </None>
  </ItemGroup>
  <ItemGroup>
    <ClInclude Include="KoWeb.h">
      <Filter>헤더 파일</Filter>
    </ClInclude>
    <ClInclude Include="targetver.h">
      <Filter>헤더 파일</Filter>
    </ClInclude>
    <ClInclude Include="MainFrm.h">
      <Filter>헤더 파일</Filter>
    </ClInclude>
    <ClInclude Include="KoWebDoc.h">
      <Filter>헤더 파일</Filter>
    </ClInclude>
    <ClInclude Include="KoWebView.h">
      <Filter>헤더 파일</Filter>
    </ClInclude>
    <ClInclude Include="Resource.h">
      <Filter>헤더 파일</Filter>
    </ClInclude>
    <ClInclude Include="Cdib.h">
      <Filter>DISPLAY</Filter>
    </ClInclude>
    <ClInclude Include="KROI.H">
      <Filter>DISPLAY</Filter>
    </ClInclude>
    <ClInclude Include="KoWebData.h">
      <Filter>DATA</Filter>
    </ClInclude>
    <ClInclude Include="VisionFunc.h">
      <Filter>VISION</Filter>
    </ClInclude>
    <ClInclude Include="userdefine.h">
      <Filter>DATA</Filter>
    </ClInclude>
    <ClInclude Include="DlgConfig.h">
      <Filter>헤더 파일</Filter>
    </ClInclude>
    <ClInclude Include="_Picture.h">
      <Filter>헤더 파일</Filter>
    </ClInclude>
    <ClInclude Include="_Font.h">
      <Filter>헤더 파일</Filter>
    </ClInclude>
    <ClInclude Include="fpspread_data.h">
      <Filter>헤더 파일</Filter>
    </ClInclude>
    <ClInclude Include="UDP\Packet.h">
      <Filter>UDP_NET</Filter>
    </ClInclude>
    <ClInclude Include="UDP\XManageSocket.h">
      <Filter>UDP_NET</Filter>
    </ClInclude>
    <ClInclude Include="SpecialData.h">
      <Filter>DATA</Filter>
    </ClInclude>
    <ClInclude Include="ParamData.h">
      <Filter>PARAM</Filter>
    </ClInclude>
    <ClInclude Include="RealTimeMarking.h">
      <Filter>AutoMarking</Filter>
    </ClInclude>
    <ClInclude Include="DlgTeach.h">
      <Filter>INSPECTOR</Filter>
    </ClInclude>
    <ClInclude Include="KoPyramid.h">
      <Filter>VISION</Filter>
    </ClInclude>
    <ClInclude Include="Fchain.h">
      <Filter>VISION</Filter>
    </ClInclude>
    <ClInclude Include="DlgThreshold.h">
      <Filter>헤더 파일</Filter>
    </ClInclude>
    <ClInclude Include="SpotSet.h">
      <Filter>INSPECTOR</Filter>
    </ClInclude>
    <ClInclude Include="BlobSet.h">
      <Filter>INSPECTOR</Filter>
    </ClInclude>
    <ClInclude Include="SpotVision.h">
      <Filter>INSPECTOR</Filter>
    </ClInclude>
    <ClInclude Include="SpotSetDontCare.h">
      <Filter>INSPECTOR</Filter>
    </ClInclude>
    <ClInclude Include="patternmatch.h">
      <Filter>PATTERNMATCH</Filter>
    </ClInclude>
    <ClInclude Include="PatternSet.h">
      <Filter>INSPECTOR</Filter>
    </ClInclude>
    <ClInclude Include="DlgPattern.h">
      <Filter>PATTERNMATCH</Filter>
    </ClInclude>
    <ClInclude Include="FindLineSet.h">
      <Filter>INSPECTOR</Filter>
    </ClInclude>
    <ClInclude Include="CompareSet.h">
      <Filter>INSPECTOR</Filter>
    </ClInclude>
    <ClInclude Include="MeasureSet.h">
      <Filter>INSPECTOR</Filter>
    </ClInclude>
    <ClInclude Include="UserSet.h">
      <Filter>INSPECTOR</Filter>
    </ClInclude>
    <ClInclude Include="DlgAlign.h">
      <Filter>ALIGN</Filter>
    </ClInclude>
    <ClInclude Include="AlignData.h">
      <Filter>ALIGN</Filter>
    </ClInclude>
    <ClInclude Include="DlgAlignEdge.h">
      <Filter>ALIGN</Filter>
    </ClInclude>
    <ClInclude Include="DlgAlignMatch.h">
      <Filter>ALIGN</Filter>
    </ClInclude>
    <ClInclude Include="InspectFunc.h">
      <Filter>WEB_FUNC</Filter>
    </ClInclude>
    <ClInclude Include="GlobalFunc.h">
      <Filter>WEB_FUNC</Filter>
    </ClInclude>
    <ClInclude Include="Grabber.h">
      <Filter>GRABBER</Filter>
    </ClInclude>
    <ClInclude Include="InspectThread.h">
      <Filter>THREAD_INSPECT</Filter>
    </ClInclude>
    <ClInclude Include="DlgTeachOCR.h">
      <Filter>OCR</Filter>
    </ClInclude>
    <ClInclude Include="OCRTeach.h">
      <Filter>OCR</Filter>
    </ClInclude>
    <ClInclude Include="OCRSet.h">
      <Filter>INSPECTOR</Filter>
    </ClInclude>
    <ClInclude Include="FlatFunc.h">
      <Filter>FLAT_LIB</Filter>
    </ClInclude>
    <ClInclude Include="NGSaveThread.h">
      <Filter>THREAD_NG_SAVE</Filter>
    </ClInclude>
    <ClInclude Include="THREAD.h">
      <Filter>THREAD_PROCESS</Filter>
    </ClInclude>
    <ClInclude Include="stdafx.h">
      <Filter>DATA</Filter>
    </ClInclude>
    <ClInclude Include="ScratchFunc.h">
      <Filter>WEB_FUNC</Filter>
    </ClInclude>
    <ClInclude Include="BaslerCam.h">
      <Filter>GRABBER</Filter>
    </ClInclude>
    <ClInclude Include="DlgDebug.h">
      <Filter>헤더 파일</Filter>
    </ClInclude>
    <ClInclude Include="MuraFunc.h">
      <Filter>WEB_FUNC</Filter>
    </ClInclude>
    <ClInclude Include="ShowInfo1.h">
      <Filter>SHOWINFO</Filter>
    </ClInclude>
    <ClInclude Include="DlgParam.h">
      <Filter>PARAM</Filter>
    </ClInclude>
    <ClInclude Include="BUTTON\ButtonST.h">
      <Filter>CButtonST</Filter>
    </ClInclude>
    <ClInclude Include="BUTTON\CdDib.h">
      <Filter>CButtonST</Filter>
    </ClInclude>
    <ClInclude Include="BUTTON\CdStatic.h">
      <Filter>CButtonST</Filter>
    </ClInclude>
    <ClInclude Include="AbyssClient.h">
      <Filter>AI</Filter>
    </ClInclude>
    <ClInclude Include="CossTitle.h">
      <Filter>DATA</Filter>
    </ClInclude>
    <ClInclude Include="CustomButton.h">
      <Filter>CButtonST</Filter>
    </ClInclude>
    <ClInclude Include="UtilFunc.h">
      <Filter>UTIL</Filter>
    </ClInclude>
    <ClInclude Include="WebInspect.h">
      <Filter>WEB_FUNC</Filter>
    </ClInclude>
    <ClInclude Include="TooFunc.h">
      <Filter>WEB_FUNC</Filter>
    </ClInclude>
    <ClInclude Include="ConnectSocket.h">
      <Filter>AI</Filter>
    </ClInclude>
    <ClInclude Include="EdgeFunc.h">
      <Filter>VISION</Filter>
    </ClInclude>
    <ClInclude Include="LineFunc.h">
      <Filter>WEB_FUNC</Filter>
    </ClInclude>
    <ClInclude Include="CrossAreaFunc.h">
      <Filter>WEB_FUNC</Filter>
    </ClInclude>
    <ClInclude Include="CossImage.h">
      <Filter>DISPLAY</Filter>
    </ClInclude>
    <ClInclude Include="UDP\CossSocket.h">
      <Filter>UDP_NET</Filter>
    </ClInclude>
    <ClInclude Include="EuresysGrabber.h">
      <Filter>GRABBER</Filter>
    </ClInclude>
    <ClInclude Include="CunicFunc.h">
      <Filter>WEB_FUNC</Filter>
    </ClInclude>
    <ClInclude Include="Sio.h">
      <Filter>SERIALCOMM</Filter>
    </ClInclude>
    <ClInclude Include="MuraLine.h">
      <Filter>DAKANO</Filter>
    </ClInclude>
    <ClInclude Include="DlgModel.h">
      <Filter>MODEL</Filter>
    </ClInclude>
    <ClInclude Include="DlgModelName.h">
      <Filter>MODEL</Filter>
    </ClInclude>
    <ClInclude Include="KoInspectData.h">
      <Filter>DATA_GENERAL</Filter>
    </ClInclude>
    <ClInclude Include="PitFunc.h">
      <Filter>VISION</Filter>
    </ClInclude>
    <ClInclude Include="PolaImage.h">
      <Filter>VISION</Filter>
    </ClInclude>
    <ClInclude Include="WebMarkingInspect.h">
      <Filter>WEB_FUNC</Filter>
    </ClInclude>
    <ClInclude Include="WebKoonJip.h">
      <Filter>WEB_FUNC</Filter>
    </ClInclude>
    <ClInclude Include="CameraCalib.h">
      <Filter>헤더 파일</Filter>
    </ClInclude>
    <ClInclude Include="SerialMotion.h">
      <Filter>SERIALCOMM</Filter>
    </ClInclude>
    <ClInclude Include="RotCrossAreaFunc.h">
      <Filter>WEB_FUNC</Filter>
    </ClInclude>
    <ClInclude Include="FishEye.h">
      <Filter>SERIALCOMM</Filter>
    </ClInclude>
    <ClInclude Include="BondingSheet.h">
      <Filter>WEB_FUNC</Filter>
    </ClInclude>
    <ClInclude Include="WebBarcode.h">
      <Filter>BCR</Filter>
    </ClInclude>
    <ClInclude Include="cos9LR.h">
      <Filter>COS9LR</Filter>
    </ClInclude>
    <ClInclude Include="AjinMotion.h">
      <Filter>MOTION</Filter>
    </ClInclude>
    <ClInclude Include="HoleSkip.h">
      <Filter>HOLESKIP</Filter>
    </ClInclude>
    <ClInclude Include="NittoAiClient.h">
      <Filter>헤더 파일</Filter>
    </ClInclude>
    <ClInclude Include="BCR\CallClassReadingEvents.h">
      <Filter>BCR</Filter>
    </ClInclude>
    <ClInclude Include="BCR\CallClassWrapper.h">
      <Filter>BCR</Filter>
    </ClInclude>
    <ClInclude Include="BCR\MarkingDataManager.h">
      <Filter>BCR</Filter>
    </ClInclude>
    <ClInclude Include="BCR\CallClassWrapperCodeReader.h">
      <Filter>BCR</Filter>
    </ClInclude>
  </ItemGroup>
  <ItemGroup>
    <ClCompile Include="stdafx.cpp">
      <Filter>소스 파일</Filter>
    </ClCompile>
    <ClCompile Include="MainFrm.cpp">
      <Filter>소스 파일</Filter>
    </ClCompile>
    <ClCompile Include="KoWebDoc.cpp">
      <Filter>소스 파일</Filter>
    </ClCompile>
    <ClCompile Include="KoWebView.cpp">
      <Filter>소스 파일</Filter>
    </ClCompile>
    <ClCompile Include="Cdib.cpp">
      <Filter>DISPLAY</Filter>
    </ClCompile>
    <ClCompile Include="KROI.CPP">
      <Filter>DISPLAY</Filter>
    </ClCompile>
    <ClCompile Include="KoWebData.cpp">
      <Filter>DATA</Filter>
    </ClCompile>
    <ClCompile Include="VisionFunc.cpp">
      <Filter>VISION</Filter>
    </ClCompile>
    <ClCompile Include="DlgConfig.cpp">
      <Filter>소스 파일</Filter>
    </ClCompile>
    <ClCompile Include="fpspread_data.cpp">
      <Filter>소스 파일</Filter>
    </ClCompile>
    <ClCompile Include="UDP\Packet.cpp">
      <Filter>UDP_NET</Filter>
    </ClCompile>
    <ClCompile Include="UDP\XManageSocket.cpp">
      <Filter>UDP_NET</Filter>
    </ClCompile>
    <ClCompile Include="SpecialData.cpp">
      <Filter>DATA</Filter>
    </ClCompile>
    <ClCompile Include="KoWebViewLog.cpp">
      <Filter>소스 파일</Filter>
    </ClCompile>
    <ClCompile Include="ParamData.cpp">
      <Filter>PARAM</Filter>
    </ClCompile>
    <ClCompile Include="KoWebViewROI.cpp">
      <Filter>INSPECTOR</Filter>
    </ClCompile>
    <ClCompile Include="KoWebViewUDP.cpp">
      <Filter>UDP_NET</Filter>
    </ClCompile>
    <ClCompile Include="RealTimeMarking.cpp">
      <Filter>AutoMarking</Filter>
    </ClCompile>
    <ClCompile Include="DlgTeach.cpp">
      <Filter>INSPECTOR</Filter>
    </ClCompile>
    <ClCompile Include="KoPyramid.cpp">
      <Filter>VISION</Filter>
    </ClCompile>
    <ClCompile Include="Fchain.cpp">
      <Filter>VISION</Filter>
    </ClCompile>
    <ClCompile Include="DlgThreshold.cpp">
      <Filter>소스 파일</Filter>
    </ClCompile>
    <ClCompile Include="KoWebViewSet.cpp">
      <Filter>소스 파일</Filter>
    </ClCompile>
    <ClCompile Include="SpotSet.cpp">
      <Filter>INSPECTOR</Filter>
    </ClCompile>
    <ClCompile Include="BlobSet.cpp">
      <Filter>INSPECTOR</Filter>
    </ClCompile>
    <ClCompile Include="InspectSpot.cpp">
      <Filter>InspectViewModule</Filter>
    </ClCompile>
    <ClCompile Include="SpotVision.cpp">
      <Filter>INSPECTOR</Filter>
    </ClCompile>
    <ClCompile Include="SpotSetDontCare.cpp">
      <Filter>INSPECTOR</Filter>
    </ClCompile>
    <ClCompile Include="InspectBlob.cpp">
      <Filter>InspectViewModule</Filter>
    </ClCompile>
    <ClCompile Include="InspectPattern.cpp">
      <Filter>InspectViewModule</Filter>
    </ClCompile>
    <ClCompile Include="DlgPattern.cpp">
      <Filter>PATTERNMATCH</Filter>
    </ClCompile>
    <ClCompile Include="patternmatch.cpp">
      <Filter>PATTERNMATCH</Filter>
    </ClCompile>
    <ClCompile Include="PatternSet.cpp">
      <Filter>INSPECTOR</Filter>
    </ClCompile>
    <ClCompile Include="FindLineSet.cpp">
      <Filter>INSPECTOR</Filter>
    </ClCompile>
    <ClCompile Include="InspectFindLine.cpp">
      <Filter>InspectViewModule</Filter>
    </ClCompile>
    <ClCompile Include="InspectMeasure.cpp">
      <Filter>InspectViewModule</Filter>
    </ClCompile>
    <ClCompile Include="InspectCompare.cpp">
      <Filter>InspectViewModule</Filter>
    </ClCompile>
    <ClCompile Include="CompareSet.cpp">
      <Filter>INSPECTOR</Filter>
    </ClCompile>
    <ClCompile Include="MeasureSet.cpp">
      <Filter>INSPECTOR</Filter>
    </ClCompile>
    <ClCompile Include="UserSet.cpp">
      <Filter>INSPECTOR</Filter>
    </ClCompile>
    <ClCompile Include="InspectUser.cpp">
      <Filter>InspectViewModule</Filter>
    </ClCompile>
    <ClCompile Include="DlgAlign.cpp">
      <Filter>ALIGN</Filter>
    </ClCompile>
    <ClCompile Include="AlignData.cpp">
      <Filter>ALIGN</Filter>
    </ClCompile>
    <ClCompile Include="DlgAlignEdge.cpp">
      <Filter>ALIGN</Filter>
    </ClCompile>
    <ClCompile Include="DlgAlignMatch.cpp">
      <Filter>ALIGN</Filter>
    </ClCompile>
    <ClCompile Include="InspectFunc.cpp">
      <Filter>WEB_FUNC</Filter>
    </ClCompile>
    <ClCompile Include="GlobalFunc.cpp">
      <Filter>WEB_FUNC</Filter>
    </ClCompile>
    <ClCompile Include="Grabber.cpp">
      <Filter>GRABBER</Filter>
    </ClCompile>
    <ClCompile Include="InspectThread.cpp">
      <Filter>THREAD_INSPECT</Filter>
    </ClCompile>
    <ClCompile Include="DlgTeachOCR.cpp">
      <Filter>OCR</Filter>
    </ClCompile>
    <ClCompile Include="OCRTeach.cpp">
      <Filter>OCR</Filter>
    </ClCompile>
    <ClCompile Include="InspectOCR.cpp">
      <Filter>InspectViewModule</Filter>
    </ClCompile>
    <ClCompile Include="OCRSet.cpp">
      <Filter>INSPECTOR</Filter>
    </ClCompile>
    <ClCompile Include="FlatFunc.cpp">
      <Filter>FLAT_LIB</Filter>
    </ClCompile>
    <ClCompile Include="NGSaveThread.cpp">
      <Filter>THREAD_NG_SAVE</Filter>
    </ClCompile>
    <ClCompile Include="THREAD.cpp">
      <Filter>THREAD_PROCESS</Filter>
    </ClCompile>
    <ClCompile Include="WebInspectView.cpp">
      <Filter>VIEWINSPECT</Filter>
    </ClCompile>
    <ClCompile Include="ScratchFunc.cpp">
      <Filter>WEB_FUNC</Filter>
    </ClCompile>
    <ClCompile Include="BaslerCam.cpp">
      <Filter>GRABBER</Filter>
    </ClCompile>
    <ClCompile Include="DlgDebug.cpp">
      <Filter>소스 파일</Filter>
    </ClCompile>
    <ClCompile Include="MuraFunc.cpp">
      <Filter>WEB_FUNC</Filter>
    </ClCompile>
    <ClCompile Include="ShowInfo1.cpp">
      <Filter>SHOWINFO</Filter>
    </ClCompile>
    <ClCompile Include="DlgParam.cpp">
      <Filter>PARAM</Filter>
    </ClCompile>
    <ClCompile Include="BUTTON\ButtonST.cpp">
      <Filter>CButtonST</Filter>
    </ClCompile>
    <ClCompile Include="BUTTON\CdDib.cpp">
      <Filter>CButtonST</Filter>
    </ClCompile>
    <ClCompile Include="BUTTON\CdStatic.cpp">
      <Filter>CButtonST</Filter>
    </ClCompile>
    <ClCompile Include="AbyssClient.cpp">
      <Filter>AI</Filter>
    </ClCompile>
    <ClCompile Include="KoWeb.cpp">
      <Filter>소스 파일</Filter>
    </ClCompile>
    <ClCompile Include="CossTitle.cpp">
      <Filter>DATA</Filter>
    </ClCompile>
    <ClCompile Include="CustomButton.cpp">
      <Filter>CButtonST</Filter>
    </ClCompile>
    <ClCompile Include="UtilFunc.cpp">
      <Filter>UTIL</Filter>
    </ClCompile>
    <ClCompile Include="WebInspect.cpp">
      <Filter>WEB_FUNC</Filter>
    </ClCompile>
    <ClCompile Include="TooFunc.cpp">
      <Filter>WEB_FUNC</Filter>
    </ClCompile>
    <ClCompile Include="ConnectSocket.cpp">
      <Filter>AI</Filter>
    </ClCompile>
    <ClCompile Include="AIView.cpp">
      <Filter>AI</Filter>
    </ClCompile>
    <ClCompile Include="EdgeFunc.cpp">
      <Filter>VISION</Filter>
    </ClCompile>
    <ClCompile Include="LineFunc.cpp">
      <Filter>WEB_FUNC</Filter>
    </ClCompile>
    <ClCompile Include="CrossAreaFunc.cpp">
      <Filter>WEB_FUNC</Filter>
    </ClCompile>
    <ClCompile Include="CossImage.cpp">
      <Filter>DISPLAY</Filter>
    </ClCompile>
    <ClCompile Include="UDP\CossSocket.cpp">
      <Filter>UDP_NET</Filter>
    </ClCompile>
    <ClCompile Include="EuresysGrabber.cpp">
      <Filter>GRABBER</Filter>
    </ClCompile>
    <ClCompile Include="CunicFunc.cpp">
      <Filter>WEB_FUNC</Filter>
    </ClCompile>
    <ClCompile Include="Sio.cpp">
      <Filter>SERIALCOMM</Filter>
    </ClCompile>
    <ClCompile Include="MuraLine.cpp">
      <Filter>DAKANO</Filter>
    </ClCompile>
    <ClCompile Include="DlgModel.cpp">
      <Filter>MODEL</Filter>
    </ClCompile>
    <ClCompile Include="DlgModelName.cpp">
      <Filter>MODEL</Filter>
    </ClCompile>
    <ClCompile Include="KoInspectData.cpp">
      <Filter>DATA_GENERAL</Filter>
    </ClCompile>
    <ClCompile Include="PitFunc.cpp">
      <Filter>VISION</Filter>
    </ClCompile>
    <ClCompile Include="PolaImage.cpp">
      <Filter>VISION</Filter>
    </ClCompile>
    <ClCompile Include="LineInspectView.cpp">
      <Filter>VIEWINSPECT</Filter>
    </ClCompile>
    <ClCompile Include="WebMarkingInspect.cpp">
      <Filter>WEB_FUNC</Filter>
    </ClCompile>
    <ClCompile Include="WebKoonJip.cpp">
      <Filter>WEB_FUNC</Filter>
    </ClCompile>
    <ClCompile Include="CameraCalib.cpp">
      <Filter>소스 파일</Filter>
    </ClCompile>
    <ClCompile Include="SerialMotion.cpp">
      <Filter>SERIALCOMM</Filter>
    </ClCompile>
    <ClCompile Include="RotCrossAreaFunc.cpp">
      <Filter>WEB_FUNC</Filter>
    </ClCompile>
    <ClCompile Include="FishEye.cpp">
      <Filter>SERIALCOMM</Filter>
    </ClCompile>
    <ClCompile Include="BondingSheet.cpp">
      <Filter>WEB_FUNC</Filter>
    </ClCompile>
    <ClCompile Include="WebBarcode.cpp">
      <Filter>BCR</Filter>
    </ClCompile>
    <ClCompile Include="cos9LR.cpp">
      <Filter>COS9LR</Filter>
    </ClCompile>
    <ClCompile Include="AjinMotion.cpp">
      <Filter>MOTION</Filter>
    </ClCompile>
    <ClCompile Include="HoleSkip.cpp">
      <Filter>HOLESKIP</Filter>
    </ClCompile>
    <ClCompile Include="NiitoAIView.cpp">
      <Filter>소스 파일</Filter>
    </ClCompile>
    <ClCompile Include="NittoAiClient.cpp">
      <Filter>소스 파일</Filter>
    </ClCompile>
    <ClCompile Include="BCR\CallClassReadingEvents.cpp">
      <Filter>BCR</Filter>
    </ClCompile>
    <ClCompile Include="BCR\CallClassWrapper.cpp">
      <Filter>BCR</Filter>
    </ClCompile>
    <ClCompile Include="BCR\MarkingDataManager.cpp">
      <Filter>BCR</Filter>
    </ClCompile>
    <ClCompile Include="BCR\CallClassWrapperCodeReader.cpp">
      <Filter>BCR</Filter>
    </ClCompile>
  </ItemGroup>
  <ItemGroup>
    <ResourceCompile Include="KoWeb.rc">
      <Filter>리소스 파일</Filter>
    </ResourceCompile>
  </ItemGroup>
  <ItemGroup>
    <Library Include="VERSION.LIB">
      <Filter>LIB</Filter>
    </Library>
  </ItemGroup>
</Project>