
Microsoft Visual Studio Solution File, Format Version 12.00
# Visual Studio Version 17
VisualStudioVersion = 17.3.32901.215
MinimumVisualStudioVersion = 10.0.40219.1
Project("{FAE04EC0-301F-11D3-BF4B-00C04F79EFBC}") = "DefectDBManager", "DefectDBManager\DefectDBManager.csproj", "{C3D43DC7-C1D7-406A-A16A-A62587A424A7}"
EndProject
Project("{8BC9CEB8-8B4A-11D0-8D11-00A0C91BC942}") = "DllTest", "DllTest\DllTest.vcxproj", "{A44490BF-0EB1-4FE7-879B-BDD199B697B5}"
	ProjectSection(ProjectDependencies) = postProject
		{C3D43DC7-C1D7-406A-A16A-A62587A424A7} = {C3D43DC7-C1D7-406A-A16A-A62587A424A7}
	EndProjectSection
EndProject
Project("{FAE04EC0-301F-11D3-BF4B-00C04F79EFBC}") = "CodeReaderDLL", "CodeReaderDLL\CodeReaderDLL.csproj", "{B3D13B6B-4228-42CA-A14E-F866CB0D8E8E}"
EndProject
Project("{8BC9CEB8-8B4A-11D0-8D11-00A0C91BC942}") = "KoWeb", "KoWeb_BCR\KoWeb\KoWeb.vcxproj", "{63C95FA3-C6C3-4312-87DA-86ED2A2FD36B}"
EndProject
Global
	GlobalSection(SolutionConfigurationPlatforms) = preSolution
		Debug|Any CPU = Debug|Any CPU
		Debug|x64 = Debug|x64
		Debug|x86 = Debug|x86
		Release|Any CPU = Release|Any CPU
		Release|x64 = Release|x64
		Release|x86 = Release|x86
	EndGlobalSection
	GlobalSection(ProjectConfigurationPlatforms) = postSolution
		{C3D43DC7-C1D7-406A-A16A-A62587A424A7}.Debug|Any CPU.ActiveCfg = Debug|Any CPU
		{C3D43DC7-C1D7-406A-A16A-A62587A424A7}.Debug|Any CPU.Build.0 = Debug|Any CPU
		{C3D43DC7-C1D7-406A-A16A-A62587A424A7}.Debug|x64.ActiveCfg = Debug|Any CPU
		{C3D43DC7-C1D7-406A-A16A-A62587A424A7}.Debug|x64.Build.0 = Debug|Any CPU
		{C3D43DC7-C1D7-406A-A16A-A62587A424A7}.Debug|x86.ActiveCfg = Debug|Any CPU
		{C3D43DC7-C1D7-406A-A16A-A62587A424A7}.Debug|x86.Build.0 = Debug|Any CPU
		{C3D43DC7-C1D7-406A-A16A-A62587A424A7}.Release|Any CPU.ActiveCfg = Release|Any CPU
		{C3D43DC7-C1D7-406A-A16A-A62587A424A7}.Release|Any CPU.Build.0 = Release|Any CPU
		{C3D43DC7-C1D7-406A-A16A-A62587A424A7}.Release|x64.ActiveCfg = Release|Any CPU
		{C3D43DC7-C1D7-406A-A16A-A62587A424A7}.Release|x64.Build.0 = Release|Any CPU
		{C3D43DC7-C1D7-406A-A16A-A62587A424A7}.Release|x86.ActiveCfg = Release|Any CPU
		{C3D43DC7-C1D7-406A-A16A-A62587A424A7}.Release|x86.Build.0 = Release|Any CPU
		{A44490BF-0EB1-4FE7-879B-BDD199B697B5}.Debug|Any CPU.ActiveCfg = Debug|x64
		{A44490BF-0EB1-4FE7-879B-BDD199B697B5}.Debug|Any CPU.Build.0 = Debug|x64
		{A44490BF-0EB1-4FE7-879B-BDD199B697B5}.Debug|x64.ActiveCfg = Debug|x64
		{A44490BF-0EB1-4FE7-879B-BDD199B697B5}.Debug|x64.Build.0 = Debug|x64
		{A44490BF-0EB1-4FE7-879B-BDD199B697B5}.Debug|x86.ActiveCfg = Debug|Win32
		{A44490BF-0EB1-4FE7-879B-BDD199B697B5}.Debug|x86.Build.0 = Debug|Win32
		{A44490BF-0EB1-4FE7-879B-BDD199B697B5}.Release|Any CPU.ActiveCfg = Release|x64
		{A44490BF-0EB1-4FE7-879B-BDD199B697B5}.Release|Any CPU.Build.0 = Release|x64
		{A44490BF-0EB1-4FE7-879B-BDD199B697B5}.Release|x64.ActiveCfg = Release|x64
		{A44490BF-0EB1-4FE7-879B-BDD199B697B5}.Release|x64.Build.0 = Release|x64
		{A44490BF-0EB1-4FE7-879B-BDD199B697B5}.Release|x86.ActiveCfg = Release|Win32
		{A44490BF-0EB1-4FE7-879B-BDD199B697B5}.Release|x86.Build.0 = Release|Win32
		{B3D13B6B-4228-42CA-A14E-F866CB0D8E8E}.Debug|Any CPU.ActiveCfg = Debug|Any CPU
		{B3D13B6B-4228-42CA-A14E-F866CB0D8E8E}.Debug|Any CPU.Build.0 = Debug|Any CPU
		{B3D13B6B-4228-42CA-A14E-F866CB0D8E8E}.Debug|x64.ActiveCfg = Debug|Any CPU
		{B3D13B6B-4228-42CA-A14E-F866CB0D8E8E}.Debug|x64.Build.0 = Debug|Any CPU
		{B3D13B6B-4228-42CA-A14E-F866CB0D8E8E}.Debug|x86.ActiveCfg = Debug|Any CPU
		{B3D13B6B-4228-42CA-A14E-F866CB0D8E8E}.Debug|x86.Build.0 = Debug|Any CPU
		{B3D13B6B-4228-42CA-A14E-F866CB0D8E8E}.Release|Any CPU.ActiveCfg = Release|Any CPU
		{B3D13B6B-4228-42CA-A14E-F866CB0D8E8E}.Release|Any CPU.Build.0 = Release|Any CPU
		{B3D13B6B-4228-42CA-A14E-F866CB0D8E8E}.Release|x64.ActiveCfg = Release|Any CPU
		{B3D13B6B-4228-42CA-A14E-F866CB0D8E8E}.Release|x64.Build.0 = Release|Any CPU
		{B3D13B6B-4228-42CA-A14E-F866CB0D8E8E}.Release|x86.ActiveCfg = Release|Any CPU
		{B3D13B6B-4228-42CA-A14E-F866CB0D8E8E}.Release|x86.Build.0 = Release|Any CPU
		{63C95FA3-C6C3-4312-87DA-86ED2A2FD36B}.Debug|Any CPU.ActiveCfg = Debug|x64
		{63C95FA3-C6C3-4312-87DA-86ED2A2FD36B}.Debug|Any CPU.Build.0 = Debug|x64
		{63C95FA3-C6C3-4312-87DA-86ED2A2FD36B}.Debug|x64.ActiveCfg = Debug|x64
		{63C95FA3-C6C3-4312-87DA-86ED2A2FD36B}.Debug|x64.Build.0 = Debug|x64
		{63C95FA3-C6C3-4312-87DA-86ED2A2FD36B}.Debug|x86.ActiveCfg = Debug|Win32
		{63C95FA3-C6C3-4312-87DA-86ED2A2FD36B}.Debug|x86.Build.0 = Debug|Win32
		{63C95FA3-C6C3-4312-87DA-86ED2A2FD36B}.Release|Any CPU.ActiveCfg = Release|x64
		{63C95FA3-C6C3-4312-87DA-86ED2A2FD36B}.Release|Any CPU.Build.0 = Release|x64
		{63C95FA3-C6C3-4312-87DA-86ED2A2FD36B}.Release|x64.ActiveCfg = Release|x64
		{63C95FA3-C6C3-4312-87DA-86ED2A2FD36B}.Release|x64.Build.0 = Release|x64
		{63C95FA3-C6C3-4312-87DA-86ED2A2FD36B}.Release|x86.ActiveCfg = Release|Win32
		{63C95FA3-C6C3-4312-87DA-86ED2A2FD36B}.Release|x86.Build.0 = Release|Win32
	EndGlobalSection
	GlobalSection(SolutionProperties) = preSolution
		HideSolutionNode = FALSE
	EndGlobalSection
	GlobalSection(ExtensibilityGlobals) = postSolution
		SolutionGuid = {46FE14F4-DF2E-4CE7-AEC6-D657290A4837}
	EndGlobalSection
EndGlobal
